{
  "lockfile_version": "1",
  "packages": {
    "github:NixOS/nixpkgs/nixpkgs-unstable": {
      "last_modified": "2026-06-23T00:43:55Z",
      "resolved": "github:NixOS/nixpkgs/89570f24e97e614aa34aa9ab1c927b6578a43775?lastModified=1782175435&narHash=sha256-EMzXKmnOtBQ2MnvpiNOm7E%2BkOMvdPrIKaeg52Tip2Uk%3D"
    },
    "libiconv@latest": {
      "last_modified": "2026-08-27T07:16:00Z",
      "resolved": "github:NixOS/nixpkgs/c27cdad491a991b11ed731760aa2ef8db0cb0410#libiconv",
      "source": "devbox-search",
      "version": "2.42",
      "systems": {
        "aarch64-linux": {
          "outputs": [
            {
              "name": "out",
              "path": "/nix/store/rp6yp8pwyv5g7da2q3v93spzcz9l97xz-glibc-iconv-2.42",
              "default": true
            }
          ],
          "store_path": "/nix/store/rp6yp8pwyv5g7da2q3v93spzcz9l97xz-glibc-iconv-2.42"
        },
        "x86_64-linux": {
          "outputs": [
            {
              "name": "out",
              "path": "/nix/store/m5nwyps66vgzkqk9vnh7yr9ly7z7hhi3-glibc-iconv-2.42",
              "default": true
            }
          ],
          "store_path": "/nix/store/m5nwyps66vgzkqk9vnh7yr9ly7z7hhi3-glibc-iconv-2.42"
        }
      }
    },
    "mdbook-pdf-outline@latest": {
      "last_modified": "2026-06-11T01:27:03Z",
      "resolved": "github:NixOS/nixpkgs/b503dde361500433ca25a32e8f4d218bf58fb659#mdbook-pdf-outline",
      "source": "devbox-search",
      "version": "0.1.6",
      "systems": {
        "aarch64-darwin": {
          "outputs": [
            {
              "name": "out",
              "path": "/nix/store/js0gvka82sjkfvq73kcgm29wx4xcih0w-mdbook-pdf-outline-0.1.6",
              "default": true
            },
            {
              "name": "dist",
              "path": "/nix/store/j2nzc9pv1aw9digsay6vccwz7n13mh5v-mdbook-pdf-outline-0.1.6-dist"
            }
          ],
          "store_path": "/nix/store/js0gvka82sjkfvq73kcgm29wx4xcih0w-mdbook-pdf-outline-0.1.6"
        },
        "aarch64-linux": {
          "outputs": [
            {
              "name": "out",
              "path": "/nix/store/jr2rp9i8hbb74nz36b32jnpx4rhlyzvz-mdbook-pdf-outline-0.1.6",
              "default": true
            },
            {
              "name": "dist",
              "path": "/nix/store/dcivsbqyka9laciqn69kkvvqrsvn5xkv-mdbook-pdf-outline-0.1.6-dist"
            }
          ],
          "store_path": "/nix/store/jr2rp9i8hbb74nz36b32jnpx4rhlyzvz-mdbook-pdf-outline-0.1.6"
        },
        "x86_64-darwin": {
          "outputs": [
            {
              "name": "out",
              "path": "/nix/store/94sgaz3lg0jng06d0nwr9z1gr8v0l4cz-mdbook-pdf-outline-0.1.6",
              "default": true
            },
            {
              "name": "dist",
              "path": "/nix/store/pxvhizjj225cfjwk2yzfj6y1wxapn4i5-mdbook-pdf-outline-0.1.6-dist"
            }
          ],
          "store_path": "/nix/store/94sgaz3lg0jng06d0nwr9z1gr8v0l4cz-mdbook-pdf-outline-0.1.6"
        },
        "x86_64-linux": {
          "outputs": [
            {
              "name": "out",
              "path": "/nix/store/k3k3h2zz3fzw0ca2svim9im6wxwqzzfa-mdbook-pdf-outline-0.1.6",
              "default": true
            },
            {
              "name": "dist",
              "path": "/nix/store/5ipjj0l9ir60s4laxj102hw5rrzgsvqc-mdbook-pdf-outline-0.1.6-dist"
            }
          ],
          "store_path": "/nix/store/k3k3h2zz3fzw0ca2svim9im6wxwqzzfa-mdbook-pdf-outline-0.1.6"
        }
      }
    },
    "mdbook@latest": {
      "last_modified": "2026-05-21T08:15:18Z",
      "resolved": "github:NixOS/nixpkgs/4a29d733e8a7d5b824c3d8c958a946a9867b3eb2#mdbook",
      "source": "devbox-search",
      "version": "0.5.2",
      "systems": {
        "aarch64-darwin": {
          "outputs": [
            {
              "name": "out",
              "path": "/nix/store/89dxh2xb9ps8xsc6j0zsiq9ssl9ylgbh-mdbook-0.5.2",
              "default": true
            }
          ],
          "store_path": "/nix/store/89dxh2xb9ps8xsc6j0zsiq9ssl9ylgbh-mdbook-0.5.2"
        },
        "aarch64-linux": {
          "outputs": [
            {
              "name": "out",
              "path": "/nix/store/6kgvc5dhd9624fjlf83z45h2kiw2xq3l-mdbook-0.5.2",
              "default": true
            }
          ],
          "store_path": "/nix/store/6kgvc5dhd9624fjlf83z45h2kiw2xq3l-mdbook-0.5.2"
        },
        "x86_64-darwin": {
          "outputs": [
            {
              "name": "out",
              "path": "/nix/store/5sggc32hd1v68gafsp73vn2g675q459h-mdbook-0.5.2",
              "default": true
            }
          ],
          "store_path": "/nix/store/5sggc32hd1v68gafsp73vn2g675q459h-mdbook-0.5.2"
        },
        "x86_64-linux": {
          "outputs": [
            {
              "name": "out",
              "path": "/nix/store/k2wwk3pldndwwqmpsibljcaq16ib7lrb-mdbook-0.5.2",
              "default": true
            }
          ],
          "store_path": "/nix/store/k2wwk3pldndwwqmpsibljcaq16ib7lrb-mdbook-0.5.2"
        }
      }
    },
    "rustup@latest": {
      "last_modified": "2026-08-27T07:16:00Z",
      "plugin_version": "0.0.1",
      "resolved": "github:NixOS/nixpkgs/c27cdad491a991b11ed731760aa2ef8db0cb0410#rustup",
      "source": "devbox-search",
      "version": "1.29.0",
      "systems": {
        "aarch64-darwin": {
          "outputs": [
            {
              "name": "out",
              "path": "/nix/store/1x8jzaxfv0bak76xkr5li258cal51n99-rustup-1.29.0",
              "default": true
            }
          ],
          "store_path": "/nix/store/1x8jzaxfv0bak76xkr5li258cal51n99-rustup-1.29.0"
        },
        "aarch64-linux": {
          "outputs": [
            {
              "name": "out",
              "path": "/nix/store/iwq43bwclkay14x5x5bfj955ffphaqff-rustup-1.29.0",
              "default": true
            }
          ],
          "store_path": "/nix/store/iwq43bwclkay14x5x5bfj955ffphaqff-rustup-1.29.0"
        },
        "x86_64-darwin": {
          "outputs": [
            {
              "name": "out",
              "path": "/nix/store/lvm2155pfw1b3a9g8cij5g7vx2dk4v9f-rustup-1.29.0",
              "default": true
            }
          ],
          "store_path": "/nix/store/lvm2155pfw1b3a9g8cij5g7vx2dk4v9f-rustup-1.29.0"
        },
        "x86_64-linux": {
          "outputs": [
            {
              "name": "out",
              "path": "/nix/store/cdgc1rh9s22n5i5cgr96vda0pjx1xg3x-rustup-1.29.0",
              "default": true
            }
          ],
          "store_path": "/nix/store/cdgc1rh9s22n5i5cgr96vda0pjx1xg3x-rustup-1.29.0"
        }
      }
    }
  }
}
